
Microsoft Visual Studio Solution File, Format Version 12.00
# Visual Studio Version 16
VisualStudioVersion = 16.0.31005.135
MinimumVisualStudioVersion = 10.0.40219.1
Project("{9A19103F-16F7-4668-BE54-9A1E7A4F7556}") = "WebForum", "WebForum\WebForum.csproj", "{B40C4423-5B5D-428B-836B-1B1353CF4C49}"
EndProject
Project("{9A19103F-16F7-4668-BE54-9A1E7A4F7556}") = "WebForum.Data", "WebForum.Data\WebForum.Data.csproj", "{B9806B63-9C0B-4B07-BC7F-E649784691CF}"
EndProject
Project("{FAE04EC0-301F-11D3-BF4B-00C04F79EFBC}") = "WebForum.Service", "WebForum.Service\WebForum.Service.csproj", "{845ED6D7-8462-4842-AD8B-E35F64B87D3E}"
EndProject
Global
	GlobalSection(SolutionConfigurationPlatforms) = preSolution
		Debug|Any CPU = Debug|Any CPU
		Release|Any CPU = Release|Any CPU
	EndGlobalSection
	GlobalSection(ProjectConfigurationPlatforms) = postSolution
		{B40C4423-5B5D-428B-836B-1B1353CF4C49}.Debug|Any CPU.ActiveCfg = Debug|Any CPU
		{B40C4423-5B5D-428B-836B-1B1353CF4C49}.Debug|Any CPU.Build.0 = Debug|Any CPU
		{B40C4423-5B5D-428B-836B-1B1353CF4C49}.Release|Any CPU.ActiveCfg = Release|Any CPU
		{B40C4423-5B5D-428B-836B-1B1353CF4C49}.Release|Any CPU.Build.0 = Release|Any CPU
		{B9806B63-9C0B-4B07-BC7F-E649784691CF}.Debug|Any CPU.ActiveCfg = Debug|Any CPU
		{B9806B63-9C0B-4B07-BC7F-E649784691CF}.Debug|Any CPU.Build.0 = Debug|Any CPU
		{B9806B63-9C0B-4B07-BC7F-E649784691CF}.Release|Any CPU.ActiveCfg = Release|Any CPU
		{B9806B63-9C0B-4B07-BC7F-E649784691CF}.Release|Any CPU.Build.0 = Release|Any CPU
		{845ED6D7-8462-4842-AD8B-E35F64B87D3E}.Debug|Any CPU.ActiveCfg = Debug|Any CPU
		{845ED6D7-8462-4842-AD8B-E35F64B87D3E}.Debug|Any CPU.Build.0 = Debug|Any CPU
		{845ED6D7-8462-4842-AD8B-E35F64B87D3E}.Release|Any CPU.ActiveCfg = Release|Any CPU
		{845ED6D7-8462-4842-AD8B-E35F64B87D3E}.Release|Any CPU.Build.0 = Release|Any CPU
	EndGlobalSection
	GlobalSection(SolutionProperties) = preSolution
		HideSolutionNode = FALSE
	EndGlobalSection
	GlobalSection(ExtensibilityGlobals) = postSolution
		SolutionGuid = {1447E25B-8041-435D-BB35-94422522D1FC}
	EndGlobalSection
EndGlobal
